{
  "name": "exif-timestamps",
  "version": "0.1.0",
  "lockfileVersion": 3,
  "requires": true,
  "packages": {
    "": {
      "name": "exif-timestamps",
      "version": "0.1.0",
      "license": "ISC",
      "dependencies": {
        "exiftool-vendored": "^37.1.0"
      },
      "bin": {
        "exif-timestamps": "index.js"
      },
      "devDependencies": {
        "@types/node": "^26.1.2"
      },
      "engines": {
        "node": ">=22"
      }
    },
    "node_modules/@photostructure/tz-lookup": {
      "version": "11.6.0",
      "resolved": "https://registry.npmjs.org/@photostructure/tz-lookup/-/tz-lookup-11.6.0.tgz",
      "integrity": "sha512-AHXaBp/bY9nd2pyGi7ldtzXYEZ3ARf7p4EG0XsizmmCxLYMbq+yITj7Z1etO29BiA3YW7aqrcrfToDcBD0grbA==",
      "license": "CC0-1.0"
    },
    "node_modules/@types/luxon": {
      "version": "3.7.3",
      "resolved": "https://registry.npmjs.org/@types/luxon/-/luxon-3.7.3.tgz",
      "integrity": "sha512-pE7BSbKHiojpl4v7iEzdfFLXXJaH5RPJxI3Wr4x3HU59l83PJfhcUx4mGPWq245+DCAENAzRF/+ZoYr2tJCe/g==",
      "license": "MIT"
    },
    "node_modules/@types/node": {
      "version": "26.1.2",
      "resolved": "https://registry.npmjs.org/@types/node/-/node-26.1.2.tgz",
      "integrity": "sha512-Vu4a5UFA9rIIFJ7rB/Vaafh9lrCQszopTCx6KjFboXTGQbPNasehVR5TEiithSDGyd1DEiUByggTZsg8jukeIg==",
      "dev": true,
      "license": "MIT",
      "dependencies": {
        "undici-types": "~8.3.0"
      }
    },
    "node_modules/batch-cluster": {
      "version": "19.0.0",
      "resolved": "https://registry.npmjs.org/batch-cluster/-/batch-cluster-19.0.0.tgz",
      "integrity": "sha512-O+F7WRvZuCNStfjH7ZApCO9XKOrHBvjz8DHOcKLcy+ke1k14NOlrTwmEbpjP700quM4oBjTp3F8GUpTqd58h5g==",
      "license": "MIT",
      "engines": {
        "node": ">=22"
      }
    },
    "node_modules/exiftool-vendored": {
      "version": "37.1.0",
      "resolved": "https://registry.npmjs.org/exiftool-vendored/-/exiftool-vendored-37.1.0.tgz",
      "integrity": "sha512-QUXMecReSMjwuGWZSurOn55TqBxfKA7/QeWMkzyGIThHGoa8f45XvKWDrPqjC9YSYYdmTsv6Vz6ibDGKDs5hvQ==",
      "license": "MIT",
      "dependencies": {
        "@photostructure/tz-lookup": "^11.6.0",
        "@types/luxon": "^3.7.2",
        "batch-cluster": "^19.0.0",
        "he": "^1.2.0",
        "luxon": "^3.7.2"
      },
      "engines": {
        "node": ">=22"
      },
      "optionalDependencies": {
        "exiftool-vendored.exe": "13.59.0",
        "exiftool-vendored.pl": "13.59.0"
      }
    },
    "node_modules/exiftool-vendored.exe": {
      "version": "13.59.0",
      "resolved": "https://registry.npmjs.org/exiftool-vendored.exe/-/exiftool-vendored.exe-13.59.0.tgz",
      "integrity": "sha512-d+Glvl77sKAt3ybMyE2o9eLMtublnZIlii7QGFej5CwcPwvq9v440CmKnLvufzdUV3RGXU1q1/rZepONUNXJIQ==",
      "license": "MIT",
      "optional": true,
      "os": [
        "win32"
      ]
    },
    "node_modules/exiftool-vendored.pl": {
      "version": "13.59.0",
      "resolved": "https://registry.npmjs.org/exiftool-vendored.pl/-/exiftool-vendored.pl-13.59.0.tgz",
      "integrity": "sha512-6YlBpi4pcfSmIYcsied6g4+XlDe7KSKMf5WPsLBpUCiD5PyO2fd1v/Ob37VZDj36+9XCRnXY98fqVfCfNIq8ug==",
      "license": "MIT",
      "optional": true,
      "os": [
        "!win32"
      ],
      "bin": {
        "exiftool": "bin/exiftool"
      }
    },
    "node_modules/he": {
      "version": "1.2.0",
      "resolved": "https://registry.npmjs.org/he/-/he-1.2.0.tgz",
      "integrity": "sha512-F/1DnUGPopORZi0ni+CvrCgHQ5FyEAHRLSApuYWMmrbSwoN2Mn/7k+Gl38gJnR7yyDZk6WLXwiGod1JOWNDKGw==",
      "license": "MIT",
      "bin": {
        "he": "bin/he"
      }
    },
    "node_modules/luxon": {
      "version": "3.7.2",
      "resolved": "https://registry.npmjs.org/luxon/-/luxon-3.7.2.tgz",
      "integrity": "sha512-vtEhXh/gNjI9Yg1u4jX/0YVPMvxzHuGgCm6tC5kZyb08yjGWGnqAjGJvcXbqQR2P3MyMEFnRbpcdFS6PBcLqew==",
      "license": "MIT",
      "engines": {
        "node": ">=12"
      }
    },
    "node_modules/undici-types": {
      "version": "8.3.0",
      "resolved": "https://registry.npmjs.org/undici-types/-/undici-types-8.3.0.tgz",
      "integrity": "sha512-j375ScV60dom+YkPFIfTLcOiPxkN/buHz5GobjLhixFuANaNs3C9l4GmrWqejgXWJ7BbJcFYpTEUkS1Ge8bpZQ==",
      "dev": true,
      "license": "MIT"
    }
  }
}
